// !$*UTF8*$!
{
	archiveVersion = 1;
	classes = {
	};
	objectVersion = 56;
	objects = {

/* Begin PBXBuildFile section */
		A3F40F5C2A4545B4007D443F /* MandelbrotScreensaver.swift in Sources */ = {isa = PBXBuildFile; fileRef = A3F40F5B2A4545B4007D443F /* MandelbrotScreensaver.swift */; };
		A3F40F982A45668F007D443F /* MandelbrotShaders.metal in Sources */ = {isa = PBXBuildFile; fileRef = A3F40F922A454C5D007D443F /* MandelbrotShaders.metal */; };
		A3F40FA52A45B4D9007D443F /* FractalAppApp.swift in Sources */ = {isa = PBXBuildFile; fileRef = A3F40FA42A45B4D9007D443F /* FractalAppApp.swift */; };
		A3F40FA72A45B4D9007D443F /* ContentView.swift in Sources */ = {isa = PBXBuildFile; fileRef = A3F40FA62A45B4D9007D443F /* ContentView.swift */; };
		A3F40FA92A45B4DB007D443F /* Assets.xcassets in Resources */ = {isa = PBXBuildFile; fileRef = A3F40FA82A45B4DB007D443F /* Assets.xcassets */; };
		A3F40FAC2A45B4DB007D443F /* Preview Assets.xcassets in Resources */ = {isa = PBXBuildFile; fileRef = A3F40FAB2A45B4DB007D443F /* Preview Assets.xcassets */; };
		A3F40FB22A45B607007D443F /* MandelbrotRender.swift in Sources */ = {isa = PBXBuildFile; fileRef = A3F40FB12A45B607007D443F /* MandelbrotRender.swift */; };
		A3F40FB32A45B65C007D443F /* MandelbrotRender.swift in Sources */ = {isa = PBXBuildFile; fileRef = A3F40FB12A45B607007D443F /* MandelbrotRender.swift */; };
		A3F40FB42A45B660007D443F /* MandelbrotShaders.metal in Sources */ = {isa = PBXBuildFile; fileRef = A3F40F922A454C5D007D443F /* MandelbrotShaders.metal */; };
/* End PBXBuildFile section */

/* Begin PBXFileReference section */
		A3F40F4F2A454566007D443F /* Mandelbrot.saver */ = {isa = PBXFileReference; explicitFileType = wrapper.cfbundle; includeInIndex = 0; path = Mandelbrot.saver; sourceTree = BUILT_PRODUCTS_DIR; };
		A3F40F5B2A4545B4007D443F /* MandelbrotScreensaver.swift */ = {isa = PBXFileReference; lastKnownFileType = sourcecode.swift; path = MandelbrotScreensaver.swift; sourceTree = "<group>"; };
		A3F40F922A454C5D007D443F /* MandelbrotShaders.metal */ = {isa = PBXFileReference; lastKnownFileType = sourcecode.metal; path = MandelbrotShaders.metal; sourceTree = "<group>"; };
		A3F40F9B2A458545007D443F /* magic.md */ = {isa = PBXFileReference; lastKnownFileType = net.daringfireball.markdown; path = magic.md; sourceTree = "<group>"; };
		A3F40FA22A45B4D9007D443F /* FractalApp.app */ = {isa = PBXFileReference; explicitFileType = wrapper.application; includeInIndex = 0; path = FractalApp.app; sourceTree = BUILT_PRODUCTS_DIR; };
		A3F40FA42A45B4D9007D443F /* FractalAppApp.swift */ = {isa = PBXFileReference; lastKnownFileType = sourcecode.swift; path = FractalAppApp.swift; sourceTree = "<group>"; };
		A3F40FA62A45B4D9007D443F /* ContentView.swift */ = {isa = PBXFileReference; lastKnownFileType = sourcecode.swift; path = ContentView.swift; sourceTree = "<group>"; };
		A3F40FA82A45B4DB007D443F /* Assets.xcassets */ = {isa = PBXFileReference; lastKnownFileType = folder.assetcatalog; path = Assets.xcassets; sourceTree = "<group>"; };
		A3F40FAB2A45B4DB007D443F /* Preview Assets.xcassets */ = {isa = PBXFileReference; lastKnownFileType = folder.assetcatalog; path = "Preview Assets.xcassets"; sourceTree = "<group>"; };
		A3F40FAD2A45B4DB007D443F /* FractalApp.entitlements */ = {isa = PBXFileReference; lastKnownFileType = text.plist.entitlements; path = FractalApp.entitlements; sourceTree = "<group>"; };
		A3F40FB12A45B607007D443F /* MandelbrotRender.swift */ = {isa = PBXFileReference; lastKnownFileType = sourcecode.swift; path = MandelbrotRender.swift; sourceTree = "<group>"; };
/* End PBXFileReference section */

/* Begin PBXFrameworksBuildPhase section */
		A3F40F4C2A454566007D443F /* Frameworks */ = {
			isa = PBXFrameworksBuildPhase;
			buildActionMask = 2147483647;
			files = (
			);
			runOnlyForDeploymentPostprocessing = 0;
		};
		A3F40F9F2A45B4D9007D443F /* Frameworks */ = {
			isa = PBXFrameworksBuildPhase;
			buildActionMask = 2147483647;
			files = (
			);
			runOnlyForDeploymentPostprocessing = 0;
		};
/* End PBXFrameworksBuildPhase section */

/* Begin PBXGroup section */
		A3F40F452A454566007D443F = {
			isa = PBXGroup;
			children = (
				A3F40F9B2A458545007D443F /* magic.md */,
				A3F40F512A454566007D443F /* Mandelbrot */,
				A3F40FA32A45B4D9007D443F /* FractalApp */,
				A3F40F502A454566007D443F /* Products */,
			);
			sourceTree = "<group>";
		};
		A3F40F502A454566007D443F /* Products */ = {
			isa = PBXGroup;
			children = (
				A3F40F4F2A454566007D443F /* Mandelbrot.saver */,
				A3F40FA22A45B4D9007D443F /* FractalApp.app */,
			);
			name = Products;
			sourceTree = "<group>";
		};
		A3F40F512A454566007D443F /* Mandelbrot */ = {
			isa = PBXGroup;
			children = (
				A3F40F922A454C5D007D443F /* MandelbrotShaders.metal */,
				A3F40F5B2A4545B4007D443F /* MandelbrotScreensaver.swift */,
				A3F40FB12A45B607007D443F /* MandelbrotRender.swift */,
			);
			path = Mandelbrot;
			sourceTree = "<group>";
		};
		A3F40FA32A45B4D9007D443F /* FractalApp */ = {
			isa = PBXGroup;
			children = (
				A3F40FA42A45B4D9007D443F /* FractalAppApp.swift */,
				A3F40FA62A45B4D9007D443F /* ContentView.swift */,
				A3F40FA82A45B4DB007D443F /* Assets.xcassets */,
				A3F40FAD2A45B4DB007D443F /* FractalApp.entitlements */,
				A3F40FAA2A45B4DB007D443F /* Preview Content */,
			);
			path = FractalApp;
			sourceTree = "<group>";
		};
		A3F40FAA2A45B4DB007D443F /* Preview Content */ = {
			isa = PBXGroup;
			children = (
				A3F40FAB2A45B4DB007D443F /* Preview Assets.xcassets */,
			);
			path = "Preview Content";
			sourceTree = "<group>";
		};
/* End PBXGroup section */

/* Begin PBXHeadersBuildPhase section */
		A3F40F4A2A454566007D443F /* Headers */ = {
			isa = PBXHeadersBuildPhase;
			buildActionMask = 2147483647;
			files = (
			);
			runOnlyForDeploymentPostprocessing = 0;
		};
/* End PBXHeadersBuildPhase section */

/* Begin PBXNativeTarget section */
		A3F40F4E2A454566007D443F /* Mandelbrot */ = {
			isa = PBXNativeTarget;
			buildConfigurationList = A3F40F582A454566007D443F /* Build configuration list for PBXNativeTarget "Mandelbrot" */;
			buildPhases = (
				A3F40F4A2A454566007D443F /* Headers */,
				A3F40F4B2A454566007D443F /* Sources */,
				A3F40F4C2A454566007D443F /* Frameworks */,
				A3F40F4D2A454566007D443F /* Resources */,
			);
			buildRules = (
			);
			dependencies = (
			);
			name = Mandelbrot;
			productName = Mandelbrot;
			productReference = A3F40F4F2A454566007D443F /* Mandelbrot.saver */;
			productType = "com.apple.product-type.bundle";
		};
		A3F40FA12A45B4D9007D443F /* FractalApp */ = {
			isa = PBXNativeTarget;
			buildConfigurationList = A3F40FAE2A45B4DB007D443F /* Build configuration list for PBXNativeTarget "FractalApp" */;
			buildPhases = (
				A3F40F9E2A45B4D9007D443F /* Sources */,
				A3F40F9F2A45B4D9007D443F /* Frameworks */,
				A3F40FA02A45B4D9007D443F /* Resources */,
			);
			buildRules = (
			);
			dependencies = (
			);
			name = FractalApp;
			productName = FractalApp;
			productReference = A3F40FA22A45B4D9007D443F /* FractalApp.app */;
			productType = "com.apple.product-type.application";
		};
/* End PBXNativeTarget section */

/* Begin PBXProject section */
		A3F40F462A454566007D443F /* Project object */ = {
			isa = PBXProject;
			attributes = {
				BuildIndependentTargetsInParallel = 1;
				LastSwiftUpdateCheck = 1430;
				LastUpgradeCheck = 1430;
				TargetAttributes = {
					A3F40F4E2A454566007D443F = {
						CreatedOnToolsVersion = 14.3;
						LastSwiftMigration = 1430;
					};
					A3F40FA12A45B4D9007D443F = {
						CreatedOnToolsVersion = 14.3;
					};
				};
			};
			buildConfigurationList = A3F40F492A454566007D443F /* Build configuration list for PBXProject "Mandelbrot" */;
			compatibilityVersion = "Xcode 14.0";
			developmentRegion = en;
			hasScannedForEncodings = 0;
			knownRegions = (
				en,
				Base,
			);
			mainGroup = A3F40F452A454566007D443F;
			productRefGroup = A3F40F502A454566007D443F /* Products */;
			projectDirPath = "";
			projectRoot = "";
			targets = (
				A3F40F4E2A454566007D443F /* Mandelbrot */,
				A3F40FA12A45B4D9007D443F /* FractalApp */,
			);
		};
/* End PBXProject section */

/* Begin PBXResourcesBuildPhase section */
		A3F40F4D2A454566007D443F /* Resources */ = {
			isa = PBXResourcesBuildPhase;
			buildActionMask = 2147483647;
			files = (
			);
			runOnlyForDeploymentPostprocessing = 0;
		};
		A3F40FA02A45B4D9007D443F /* Resources */ = {
			isa = PBXResourcesBuildPhase;
			buildActionMask = 2147483647;
			files = (
				A3F40FAC2A45B4DB007D443F /* Preview Assets.xcassets in Resources */,
				A3F40FA92A45B4DB007D443F /* Assets.xcassets in Resources */,
			);
			runOnlyForDeploymentPostprocessing = 0;
		};
/* End PBXResourcesBuildPhase section */

/* Begin PBXSourcesBuildPhase section */
		A3F40F4B2A454566007D443F /* Sources */ = {
			isa = PBXSourcesBuildPhase;
			buildActionMask = 2147483647;
			files = (
				A3F40F982A45668F007D443F /* MandelbrotShaders.metal in Sources */,
				A3F40FB22A45B607007D443F /* MandelbrotRender.swift in Sources */,
				A3F40F5C2A4545B4007D443F /* MandelbrotScreensaver.swift in Sources */,
			);
			runOnlyForDeploymentPostprocessing = 0;
		};
		A3F40F9E2A45B4D9007D443F /* Sources */ = {
			isa = PBXSourcesBuildPhase;
			buildActionMask = 2147483647;
			files = (
				A3F40FA72A45B4D9007D443F /* ContentView.swift in Sources */,
				A3F40FB32A45B65C007D443F /* MandelbrotRender.swift in Sources */,
				A3F40FB42A45B660007D443F /* MandelbrotShaders.metal in Sources */,
				A3F40FA52A45B4D9007D443F /* FractalAppApp.swift in Sources */,
			);
			runOnlyForDeploymentPostprocessing = 0;
		};
/* End PBXSourcesBuildPhase section */

/* Begin XCBuildConfiguration section */
		A3F40F562A454566007D443F /* Debug */ = {
			isa = XCBuildConfiguration;
			buildSettings = {
				ALWAYS_SEARCH_USER_PATHS = NO;
				CLANG_ANALYZER_NONNULL = YES;
				CLANG_ANALYZER_NUMBER_OBJECT_CONVERSION = YES_AGGRESSIVE;
				CLANG_CXX_LANGUAGE_STANDARD = "gnu++20";
				CLANG_ENABLE_MODULES = YES;
				CLANG_ENABLE_OBJC_ARC = YES;
				CLANG_ENABLE_OBJC_WEAK = YES;
				CLANG_WARN_BLOCK_CAPTURE_AUTORELEASING = YES;
				CLANG_WARN_BOOL_CONVERSION = YES;
				CLANG_WARN_COMMA = YES;
				CLANG_WARN_CONSTANT_CONVERSION = YES;
				CLANG_WARN_DEPRECATED_OBJC_IMPLEMENTATIONS = YES;
				CLANG_WARN_DIRECT_OBJC_ISA_USAGE = YES_ERROR;
				CLANG_WARN_DOCUMENTATION_COMMENTS = YES;
				CLANG_WARN_EMPTY_BODY = YES;
				CLANG_WARN_ENUM_CONVERSION = YES;
				CLANG_WARN_INFINITE_RECURSION = YES;
				CLANG_WARN_INT_CONVERSION = YES;
				CLANG_WARN_NON_LITERAL_NULL_CONVERSION = YES;
				CLANG_WARN_OBJC_IMPLICIT_RETAIN_SELF = YES;
				CLANG_WARN_OBJC_LITERAL_CONVERSION = YES;
				CLANG_WARN_OBJC_ROOT_CLASS = YES_ERROR;
				CLANG_WARN_QUOTED_INCLUDE_IN_FRAMEWORK_HEADER = YES;
				CLANG_WARN_RANGE_LOOP_ANALYSIS = YES;
				CLANG_WARN_STRICT_PROTOTYPES = YES;
				CLANG_WARN_SUSPICIOUS_MOVE = YES;
				CLANG_WARN_UNGUARDED_AVAILABILITY = YES_AGGRESSIVE;
				CLANG_WARN_UNREACHABLE_CODE = YES;
				CLANG_WARN__DUPLICATE_METHOD_MATCH = YES;
				COPY_PHASE_STRIP = NO;
				DEBUG_INFORMATION_FORMAT = dwarf;
				ENABLE_STRICT_OBJC_MSGSEND = YES;
				ENABLE_TESTABILITY = YES;
				GCC_C_LANGUAGE_STANDARD = gnu11;
				GCC_DYNAMIC_NO_PIC = NO;
				GCC_NO_COMMON_BLOCKS = YES;
				GCC_OPTIMIZATION_LEVEL = 0;
				GCC_PREPROCESSOR_DEFINITIONS = (
					"DEBUG=1",
					"$(inherited)",
				);
				GCC_WARN_64_TO_32_BIT_CONVERSION = YES;
				GCC_WARN_ABOUT_RETURN_TYPE = YES_ERROR;
				GCC_WARN_UNDECLARED_SELECTOR = YES;
				GCC_WARN_UNINITIALIZED_AUTOS = YES_AGGRESSIVE;
				GCC_WARN_UNUSED_FUNCTION = YES;
				GCC_WARN_UNUSED_VARIABLE = YES;
				MACOSX_DEPLOYMENT_TARGET = 13.1;
				MTL_ENABLE_DEBUG_INFO = INCLUDE_SOURCE;
				MTL_FAST_MATH = YES;
				ONLY_ACTIVE_ARCH = YES;
				SDKROOT = macosx;
			};
			name = Debug;
		};
		A3F40F572A454566007D443F /* Release */ = {
			isa = XCBuildConfiguration;
			buildSettings = {
				ALWAYS_SEARCH_USER_PATHS = NO;
				CLANG_ANALYZER_NONNULL = YES;
				CLANG_ANALYZER_NUMBER_OBJECT_CONVERSION = YES_AGGRESSIVE;
				CLANG_CXX_LANGUAGE_STANDARD = "gnu++20";
				CLANG_ENABLE_MODULES = YES;
				CLANG_ENABLE_OBJC_ARC = YES;
				CLANG_ENABLE_OBJC_WEAK = YES;
				CLANG_WARN_BLOCK_CAPTURE_AUTORELEASING = YES;
				CLANG_WARN_BOOL_CONVERSION = YES;
				CLANG_WARN_COMMA = YES;
				CLANG_WARN_CONSTANT_CONVERSION = YES;
				CLANG_WARN_DEPRECATED_OBJC_IMPLEMENTATIONS = YES;
				CLANG_WARN_DIRECT_OBJC_ISA_USAGE = YES_ERROR;
				CLANG_WARN_DOCUMENTATION_COMMENTS = YES;
				CLANG_WARN_EMPTY_BODY = YES;
				CLANG_WARN_ENUM_CONVERSION = YES;
				CLANG_WARN_INFINITE_RECURSION = YES;
				CLANG_WARN_INT_CONVERSION = YES;
				CLANG_WARN_NON_LITERAL_NULL_CONVERSION = YES;
				CLANG_WARN_OBJC_IMPLICIT_RETAIN_SELF = YES;
				CLANG_WARN_OBJC_LITERAL_CONVERSION = YES;
				CLANG_WARN_OBJC_ROOT_CLASS = YES_ERROR;
				CLANG_WARN_QUOTED_INCLUDE_IN_FRAMEWORK_HEADER = YES;
				CLANG_WARN_RANGE_LOOP_ANALYSIS = YES;
				CLANG_WARN_STRICT_PROTOTYPES = YES;
				CLANG_WARN_SUSPICIOUS_MOVE = YES;
				CLANG_WARN_UNGUARDED_AVAILABILITY = YES_AGGRESSIVE;
				CLANG_WARN_UNREACHABLE_CODE = YES;
				CLANG_WARN__DUPLICATE_METHOD_MATCH = YES;
				COPY_PHASE_STRIP = NO;
				DEBUG_INFORMATION_FORMAT = "dwarf-with-dsym";
				ENABLE_NS_ASSERTIONS = NO;
				ENABLE_STRICT_OBJC_MSGSEND = YES;
				GCC_C_LANGUAGE_STANDARD = gnu11;
				GCC_NO_COMMON_BLOCKS = YES;
				GCC_WARN_64_TO_32_BIT_CONVERSION = YES;
				GCC_WARN_ABOUT_RETURN_TYPE = YES_ERROR;
				GCC_WARN_UNDECLARED_SELECTOR = YES;
				GCC_WARN_UNINITIALIZED_AUTOS = YES_AGGRESSIVE;
				GCC_WARN_UNUSED_FUNCTION = YES;
				GCC_WARN_UNUSED_VARIABLE = YES;
				MACOSX_DEPLOYMENT_TARGET = 13.1;
				MTL_ENABLE_DEBUG_INFO = NO;
				MTL_FAST_MATH = YES;
				SDKROOT = macosx;
			};
			name = Release;
		};
		A3F40F592A454566007D443F /* Debug */ = {
			isa = XCBuildConfiguration;
			buildSettings = {
				CLANG_ENABLE_MODULES = YES;
				CODE_SIGN_STYLE = Automatic;
				COMBINE_HIDPI_IMAGES = YES;
				CURRENT_PROJECT_VERSION = 1;
				DEVELOPMENT_TEAM = JB6RG24F8N;
				GENERATE_INFOPLIST_FILE = YES;
				INFOPLIST_KEY_NSHumanReadableCopyright = "";
				INFOPLIST_KEY_NSPrincipalClass = MandelbrotView;
				INSTALL_PATH = "$(HOME)/Library/Screen Savers";
				MARKETING_VERSION = 1.0;
				PRODUCT_BUNDLE_IDENTIFIER = ca.lukegrahamlandry.Mandelbrot;
				PRODUCT_NAME = "$(TARGET_NAME)";
				SWIFT_EMIT_LOC_STRINGS = YES;
				SWIFT_OPTIMIZATION_LEVEL = "-Onone";
				SWIFT_VERSION = 5.0;
				WRAPPER_EXTENSION = saver;
			};
			name = Debug;
		};
		A3F40F5A2A454566007D443F /* Release */ = {
			isa = XCBuildConfiguration;
			buildSettings = {
				CLANG_ENABLE_MODULES = YES;
				CODE_SIGN_STYLE = Automatic;
				COMBINE_HIDPI_IMAGES = YES;
				CURRENT_PROJECT_VERSION = 1;
				DEVELOPMENT_TEAM = JB6RG24F8N;
				GENERATE_INFOPLIST_FILE = YES;
				INFOPLIST_KEY_NSHumanReadableCopyright = "";
				INFOPLIST_KEY_NSPrincipalClass = MandelbrotView;
				INSTALL_PATH = "$(HOME)/Library/Screen Savers";
				MARKETING_VERSION = 1.0;
				PRODUCT_BUNDLE_IDENTIFIER = ca.lukegrahamlandry.Mandelbrot;
				PRODUCT_NAME = "$(TARGET_NAME)";
				SWIFT_EMIT_LOC_STRINGS = YES;
				SWIFT_VERSION = 5.0;
				WRAPPER_EXTENSION = saver;
			};
			name = Release;
		};
		A3F40FAF2A45B4DB007D443F /* Debug */ = {
			isa = XCBuildConfiguration;
			buildSettings = {
				ASSETCATALOG_COMPILER_APPICON_NAME = AppIcon;
				ASSETCATALOG_COMPILER_GLOBAL_ACCENT_COLOR_NAME = AccentColor;
				CODE_SIGN_ENTITLEMENTS = FractalApp/FractalApp.entitlements;
				CODE_SIGN_STYLE = Automatic;
				COMBINE_HIDPI_IMAGES = YES;
				CURRENT_PROJECT_VERSION = 1;
				DEVELOPMENT_ASSET_PATHS = "\"FractalApp/Preview Content\"";
				DEVELOPMENT_TEAM = JB6RG24F8N;
				ENABLE_HARDENED_RUNTIME = YES;
				ENABLE_PREVIEWS = YES;
				GENERATE_INFOPLIST_FILE = YES;
				INFOPLIST_KEY_NSHumanReadableCopyright = "";
				LD_RUNPATH_SEARCH_PATHS = (
					"$(inherited)",
					"@executable_path/../Frameworks",
				);
				MARKETING_VERSION = 1.0;
				PRODUCT_BUNDLE_IDENTIFIER = ca.lukegrahamlandry.FractalApp;
				PRODUCT_NAME = "$(TARGET_NAME)";
				SWIFT_ACTIVE_COMPILATION_CONDITIONS = DEBUG;
				SWIFT_EMIT_LOC_STRINGS = YES;
				SWIFT_OPTIMIZATION_LEVEL = "-Onone";
				SWIFT_VERSION = 5.0;
			};
			name = Debug;
		};
		A3F40FB02A45B4DB007D443F /* Release */ = {
			isa = XCBuildConfiguration;
			buildSettings = {
				ASSETCATALOG_COMPILER_APPICON_NAME = AppIcon;
				ASSETCATALOG_COMPILER_GLOBAL_ACCENT_COLOR_NAME = AccentColor;
				CODE_SIGN_ENTITLEMENTS = FractalApp/FractalApp.entitlements;
				CODE_SIGN_STYLE = Automatic;
				COMBINE_HIDPI_IMAGES = YES;
				CURRENT_PROJECT_VERSION = 1;
				DEVELOPMENT_ASSET_PATHS = "\"FractalApp/Preview Content\"";
				DEVELOPMENT_TEAM = JB6RG24F8N;
				ENABLE_HARDENED_RUNTIME = YES;
				ENABLE_PREVIEWS = YES;
				GENERATE_INFOPLIST_FILE = YES;
				INFOPLIST_KEY_NSHumanReadableCopyright = "";
				LD_RUNPATH_SEARCH_PATHS = (
					"$(inherited)",
					"@executable_path/../Frameworks",
				);
				MARKETING_VERSION = 1.0;
				PRODUCT_BUNDLE_IDENTIFIER = ca.lukegrahamlandry.FractalApp;
				PRODUCT_NAME = "$(TARGET_NAME)";
				SWIFT_COMPILATION_MODE = wholemodule;
				SWIFT_EMIT_LOC_STRINGS = YES;
				SWIFT_OPTIMIZATION_LEVEL = "-O";
				SWIFT_VERSION = 5.0;
			};
			name = Release;
		};
/* End XCBuildConfiguration section */

/* Begin XCConfigurationList section */
		A3F40F492A454566007D443F /* Build configuration list for PBXProject "Mandelbrot" */ = {
			isa = XCConfigurationList;
			buildConfigurations = (
				A3F40F562A454566007D443F /* Debug */,
				A3F40F572A454566007D443F /* Release */,
			);
			defaultConfigurationIsVisible = 0;
			defaultConfigurationName = Release;
		};
		A3F40F582A454566007D443F /* Build configuration list for PBXNativeTarget "Mandelbrot" */ = {
			isa = XCConfigurationList;
			buildConfigurations = (
				A3F40F592A454566007D443F /* Debug */,
				A3F40F5A2A454566007D443F /* Release */,
			);
			defaultConfigurationIsVisible = 0;
			defaultConfigurationName = Release;
		};
		A3F40FAE2A45B4DB007D443F /* Build configuration list for PBXNativeTarget "FractalApp" */ = {
			isa = XCConfigurationList;
			buildConfigurations = (
				A3F40FAF2A45B4DB007D443F /* Debug */,
				A3F40FB02A45B4DB007D443F /* Release */,
			);
			defaultConfigurationIsVisible = 0;
			defaultConfigurationName = Release;
		};
/* End XCConfigurationList section */
	};
	rootObject = A3F40F462A454566007D443F /* Project object */;
}
